
Microsoft Visual Studio Solution File, Format Version 12.00
Project("{FAE04EC0-301F-11D3-BF4B-00C04F79EFBC}") = "Gradebook", "Gradebook\Gradebook.csproj", "{CE6BF4FC-B1F7-4DF5-8385-63F99CB2C4F5}"
EndProject
Global
	GlobalSection(SolutionConfigurationPlatforms) = preSolution
		Debug|Any CPU = Debug|Any CPU
		Release|Any CPU = Release|Any CPU
	EndGlobalSection
	GlobalSection(ProjectConfigurationPlatforms) = postSolution
		{CE6BF4FC-B1F7-4DF5-8385-63F99CB2C4F5}.Debug|Any CPU.ActiveCfg = Debug|Any CPU
		{CE6BF4FC-B1F7-4DF5-8385-63F99CB2C4F5}.Debug|Any CPU.Build.0 = Debug|Any CPU
		{CE6BF4FC-B1F7-4DF5-8385-63F99CB2C4F5}.Release|Any CPU.ActiveCfg = Release|Any CPU
		{CE6BF4FC-B1F7-4DF5-8385-63F99CB2C4F5}.Release|Any CPU.Build.0 = Release|Any CPU
	EndGlobalSection
EndGlobal
